
Microsoft Visual Studio Solution File, Format Version 12.00
# Visual Studio Version 17
VisualStudioVersion = 17.11.35219.272
MinimumVisualStudioVersion = 10.0.40219.1
Project("{9A19103F-16F7-4668-BE54-9A1E7A4F7556}") = "BlasII.Randomizer.MapTracker", "BlasII.Randomizer.MapTracker\BlasII.Randomizer.MapTracker.csproj", "{CC26D9E4-7E1F-487C-9F60-79A9E6EC5024}"
EndProject
Global
	GlobalSection(SolutionConfigurationPlatforms) = preSolution
		Debug|Any CPU = Debug|Any CPU
		Release|Any CPU = Release|Any CPU
	EndGlobalSection
	GlobalSection(ProjectConfigurationPlatforms) = postSolution
		{CC26D9E4-7E1F-487C-9F60-79A9E6EC5024}.Debug|Any CPU.ActiveCfg = Debug|Any CPU
		{CC26D9E4-7E1F-487C-9F60-79A9E6EC5024}.Debug|Any CPU.Build.0 = Debug|Any CPU
		{CC26D9E4-7E1F-487C-9F60-79A9E6EC5024}.Release|Any CPU.ActiveCfg = Release|Any CPU
		{CC26D9E4-7E1F-487C-9F60-79A9E6EC5024}.Release|Any CPU.Build.0 = Release|Any CPU
	EndGlobalSection
	GlobalSection(SolutionProperties) = preSolution
		HideSolutionNode = FALSE
	EndGlobalSection
	GlobalSection(ExtensibilityGlobals) = postSolution
		SolutionGuid = {5E37A2BE-275D-4CF5-88D2-DD9BA778481C}
	EndGlobalSection
EndGlobal
